
Microsoft Visual Studio Solution File, Format Version 12.00
# Visual Studio Version 17
VisualStudioVersion = 17.4.33110.190
MinimumVisualStudioVersion = 10.0.40219.1
Project("{FAE04EC0-301F-11D3-BF4B-00C04F79EFBC}") = "CompressionDemo", "CompressionDemo\CompressionDemo.csproj", "{1619F853-796E-434F-9608-82534CE06014}"
EndProject
Global
	GlobalSection(SolutionConfigurationPlatforms) = preSolution
		Debug|Any CPU = Debug|Any CPU
		Release|Any CPU = Release|Any CPU
	EndGlobalSection
	GlobalSection(ProjectConfigurationPlatforms) = postSolution
		{1619F853-796E-434F-9608-82534CE06014}.Debug|Any CPU.ActiveCfg = Debug|Any CPU
		{1619F853-796E-434F-9608-82534CE06014}.Debug|Any CPU.Build.0 = Debug|Any CPU
		{1619F853-796E-434F-9608-82534CE06014}.Release|Any CPU.ActiveCfg = Release|Any CPU
		{1619F853-796E-434F-9608-82534CE06014}.Release|Any CPU.Build.0 = Release|Any CPU
	EndGlobalSection
	GlobalSection(SolutionProperties) = preSolution
		HideSolutionNode = FALSE
	EndGlobalSection
	GlobalSection(ExtensibilityGlobals) = postSolution
		SolutionGuid = {5C36A203-FFCC-46A0-B34F-7F5E2180B7EB}
	EndGlobalSection
EndGlobal
